
Microsoft Visual Studio Solution File, Format Version 12.00
# Visual Studio Version 17
VisualStudioVersion = 17.0.31611.283
MinimumVisualStudioVersion = 10.0.40219.1
Project("{9A19103F-16F7-4668-BE54-9A1E7A4F7556}") = "View", "View\View.csproj", "{EAC1E390-3A65-46DC-8F36-54DEF239224A}"
EndProject
Project("{FAE04EC0-301F-11D3-BF4B-00C04F79EFBC}") = "Controller", "Controller\Controller.csproj", "{C18F2465-5734-4E24-9777-31473A19C5E9}"
EndProject
Project("{FAE04EC0-301F-11D3-BF4B-00C04F79EFBC}") = "Model", "Model\Model.csproj", "{1F0C7768-2DB0-4E3D-B3C7-9B7656C19C3E}"
EndProject
Global
	GlobalSection(SolutionConfigurationPlatforms) = preSolution
		Debug|Any CPU = Debug|Any CPU
		Release|Any CPU = Release|Any CPU
	EndGlobalSection
	GlobalSection(ProjectConfigurationPlatforms) = postSolution
		{EAC1E390-3A65-46DC-8F36-54DEF239224A}.Debug|Any CPU.ActiveCfg = Debug|Any CPU
		{EAC1E390-3A65-46DC-8F36-54DEF239224A}.Debug|Any CPU.Build.0 = Debug|Any CPU
		{EAC1E390-3A65-46DC-8F36-54DEF239224A}.Debug|Any CPU.Deploy.0 = Debug|Any CPU
		{EAC1E390-3A65-46DC-8F36-54DEF239224A}.Release|Any CPU.ActiveCfg = Release|Any CPU
		{EAC1E390-3A65-46DC-8F36-54DEF239224A}.Release|Any CPU.Build.0 = Release|Any CPU
		{EAC1E390-3A65-46DC-8F36-54DEF239224A}.Release|Any CPU.Deploy.0 = Release|Any CPU
		{C18F2465-5734-4E24-9777-31473A19C5E9}.Debug|Any CPU.ActiveCfg = Debug|Any CPU
		{C18F2465-5734-4E24-9777-31473A19C5E9}.Debug|Any CPU.Build.0 = Debug|Any CPU
		{C18F2465-5734-4E24-9777-31473A19C5E9}.Release|Any CPU.ActiveCfg = Release|Any CPU
		{C18F2465-5734-4E24-9777-31473A19C5E9}.Release|Any CPU.Build.0 = Release|Any CPU
		{1F0C7768-2DB0-4E3D-B3C7-9B7656C19C3E}.Debug|Any CPU.ActiveCfg = Debug|Any CPU
		{1F0C7768-2DB0-4E3D-B3C7-9B7656C19C3E}.Debug|Any CPU.Build.0 = Debug|Any CPU
		{1F0C7768-2DB0-4E3D-B3C7-9B7656C19C3E}.Release|Any CPU.ActiveCfg = Release|Any CPU
		{1F0C7768-2DB0-4E3D-B3C7-9B7656C19C3E}.Release|Any CPU.Build.0 = Release|Any CPU
	EndGlobalSection
	GlobalSection(SolutionProperties) = preSolution
		HideSolutionNode = FALSE
	EndGlobalSection
	GlobalSection(ExtensibilityGlobals) = postSolution
		SolutionGuid = {61F7FB11-1E47-470C-91E2-47F8143E1572}
	EndGlobalSection
EndGlobal
